{
  "nodes": {
    "nixpkgs": {
      "inputs": {
        "nixpkgs": "nixpkgs_2"
      },
      "locked": {
        "lastModified": 1758439968,
        "narHash": "sha256-+G/nCvTy6Ylg/eyWcHH4ZO6j87slbR0ouvazNAyEXEI=",
        "owner": "nix-ocaml",
        "repo": "nix-overlays",
        "rev": "7ec172d7d61991e608b5e962cc2b561299ca815b",
        "type": "github"
      },
      "original": {
        "owner": "nix-ocaml",
        "repo": "nix-overlays",
        "type": "github"
      }
    },
    "nixpkgs_2": {
      "locked": {
        "lastModified": 1758098782,
        "narHash": "sha256-sX+iNoZkgSQsnsCHO6aI7mYh2GqbYDLWMB0iN41i61k=",
        "owner": "NixOS",
        "repo": "nixpkgs",
        "rev": "5874893c92e656c85dc729e8b570fc38d3c85853",
        "type": "github"
      },
      "original": {
        "owner": "NixOS",
        "repo": "nixpkgs",
        "rev": "5874893c92e656c85dc729e8b570fc38d3c85853",
        "type": "github"
      }
    },
    "root": {
      "inputs": {
        "nixpkgs": "nixpkgs",
        "treefmt-nix": "treefmt-nix"
      }
    },
    "treefmt-nix": {
      "inputs": {
        "nixpkgs": [
          "nixpkgs"
        ]
      },
      "locked": {
        "lastModified": 1758206697,
        "narHash": "sha256-/DbPkh6PZOgfueCbs3uzlk4ASU2nPPsiVWhpMCNkAd0=",
        "owner": "numtide",
        "repo": "treefmt-nix",
        "rev": "128222dc911b8e2e18939537bed1762b7f3a04aa",
        "type": "github"
      },
      "original": {
        "owner": "numtide",
        "repo": "treefmt-nix",
        "type": "github"
      }
    }
  },
  "root": "root",
  "version": 7
}
