{
  "nodes": {
    "nixpkgs": {
      "inputs": {
        "nixpkgs": "nixpkgs_2"
      },
      "locked": {
        "lastModified": 1753644027,
        "narHash": "sha256-AFPwYLQ10hQd+4C5xz4g2Dxvykivsa8QO4HLuqdcq2k=",
        "owner": "nix-ocaml",
        "repo": "nix-overlays",
        "rev": "2370e963875a9f4e2737ff2dfb704e0aab67abe6",
        "type": "github"
      },
      "original": {
        "owner": "nix-ocaml",
        "repo": "nix-overlays",
        "type": "github"
      }
    },
    "nixpkgs_2": {
      "locked": {
        "lastModified": 1753590935,
        "narHash": "sha256-+qBmgdTYy5f6v+5fJVGiWf5SySGsxVmJia+iB5L6nbU=",
        "owner": "NixOS",
        "repo": "nixpkgs",
        "rev": "51a41ce9a1d46d9d1228edae97267519d42fdf28",
        "type": "github"
      },
      "original": {
        "owner": "NixOS",
        "repo": "nixpkgs",
        "rev": "51a41ce9a1d46d9d1228edae97267519d42fdf28",
        "type": "github"
      }
    },
    "root": {
      "inputs": {
        "nixpkgs": "nixpkgs",
        "treefmt-nix": "treefmt-nix"
      }
    },
    "treefmt-nix": {
      "inputs": {
        "nixpkgs": [
          "nixpkgs"
        ]
      },
      "locked": {
        "lastModified": 1753439394,
        "narHash": "sha256-Bv9h1AJegLI8uAhiJ1sZ4XAndYxhgf38tMgCQwiEpmc=",
        "owner": "numtide",
        "repo": "treefmt-nix",
        "rev": "2673921c03d6e75fdf4aa93e025772608d1482cf",
        "type": "github"
      },
      "original": {
        "owner": "numtide",
        "repo": "treefmt-nix",
        "type": "github"
      }
    }
  },
  "root": "root",
  "version": 7
}
